
Microsoft Visual Studio Solution File, Format Version 12.00
# Visual Studio Version 17
VisualStudioVersion = 17.5.002.0
MinimumVisualStudioVersion = 10.0.40219.1
Project("{9A19103F-16F7-4668-BE54-9A1E7A4F7556}") = "estruturasDados", "estruturasDados.csproj", "{EBF00F7A-AE54-4B89-B35A-27BBE1367E9F}"
EndProject
Global
	GlobalSection(SolutionConfigurationPlatforms) = preSolution
		Debug|Any CPU = Debug|Any CPU
		Release|Any CPU = Release|Any CPU
	EndGlobalSection
	GlobalSection(ProjectConfigurationPlatforms) = postSolution
		{EBF00F7A-AE54-4B89-B35A-27BBE1367E9F}.Debug|Any CPU.ActiveCfg = Debug|Any CPU
		{EBF00F7A-AE54-4B89-B35A-27BBE1367E9F}.Debug|Any CPU.Build.0 = Debug|Any CPU
		{EBF00F7A-AE54-4B89-B35A-27BBE1367E9F}.Release|Any CPU.ActiveCfg = Release|Any CPU
		{EBF00F7A-AE54-4B89-B35A-27BBE1367E9F}.Release|Any CPU.Build.0 = Release|Any CPU
	EndGlobalSection
	GlobalSection(SolutionProperties) = preSolution
		HideSolutionNode = FALSE
	EndGlobalSection
	GlobalSection(ExtensibilityGlobals) = postSolution
		SolutionGuid = {972AE0D2-6B75-4AD2-AF01-31D2C34655A9}
	EndGlobalSection
EndGlobal
